
Microsoft Visual Studio Solution File, Format Version 12.00
# Visual Studio Version 17
VisualStudioVersion = 17.3.32929.385
MinimumVisualStudioVersion = 10.0.40219.1
Project("{9A19103F-16F7-4668-BE54-9A1E7A4F7556}") = "Sample Application", "Sample Application\Sample Application.csproj", "{9F502C36-DB53-4E66-9A95-DED25F7D916B}"
EndProject
Project("{54435603-DBB4-11D2-8724-00A0C9A8B90C}") = "Setup1", "Setup1\Setup1.vdproj", "{703E3F60-CA89-4A06-91A5-39CB75721755}"
EndProject
Global
	GlobalSection(SolutionConfigurationPlatforms) = preSolution
		Debug|Any CPU = Debug|Any CPU
		Release|Any CPU = Release|Any CPU
	EndGlobalSection
	GlobalSection(ProjectConfigurationPlatforms) = postSolution
		{9F502C36-DB53-4E66-9A95-DED25F7D916B}.Debug|Any CPU.ActiveCfg = Debug|Any CPU
		{9F502C36-DB53-4E66-9A95-DED25F7D916B}.Debug|Any CPU.Build.0 = Debug|Any CPU
		{9F502C36-DB53-4E66-9A95-DED25F7D916B}.Release|Any CPU.ActiveCfg = Release|Any CPU
		{9F502C36-DB53-4E66-9A95-DED25F7D916B}.Release|Any CPU.Build.0 = Release|Any CPU
		{703E3F60-CA89-4A06-91A5-39CB75721755}.Debug|Any CPU.ActiveCfg = Debug
		{703E3F60-CA89-4A06-91A5-39CB75721755}.Release|Any CPU.ActiveCfg = Release
	EndGlobalSection
	GlobalSection(SolutionProperties) = preSolution
		HideSolutionNode = FALSE
	EndGlobalSection
	GlobalSection(ExtensibilityGlobals) = postSolution
		SolutionGuid = {B80BDFBE-81BF-4127-BA31-396A1D2E1491}
	EndGlobalSection
EndGlobal
